// !$*UTF8*$!
{
	archiveVersion = 1;
	classes = {
	};
	objectVersion = 55;
	objects = {

/* Begin PBXBuildFile section */
		DF90C2772854227800AB50A5 /* AppDelegate.swift in Sources */ = {isa = PBXBuildFile; fileRef = DF90C2762854227800AB50A5 /* AppDelegate.swift */; };
		DF90C2792854227800AB50A5 /* SceneDelegate.swift in Sources */ = {isa = PBXBuildFile; fileRef = DF90C2782854227800AB50A5 /* SceneDelegate.swift */; };
		DF90C27B2854227800AB50A5 /* ViewController.swift in Sources */ = {isa = PBXBuildFile; fileRef = DF90C27A2854227800AB50A5 /* ViewController.swift */; };
		DF90C27E2854227800AB50A5 /* Main.storyboard in Resources */ = {isa = PBXBuildFile; fileRef = DF90C27C2854227800AB50A5 /* Main.storyboard */; };
		DF90C2802854227A00AB50A5 /* Assets.xcassets in Resources */ = {isa = PBXBuildFile; fileRef = DF90C27F2854227A00AB50A5 /* Assets.xcassets */; };
		DF90C2832854227A00AB50A5 /* LaunchScreen.storyboard in Resources */ = {isa = PBXBuildFile; fileRef = DF90C2812854227A00AB50A5 /* LaunchScreen.storyboard */; };
		DF90C2912854258300AB50A5 /* CurrentWeather.swift in Sources */ = {isa = PBXBuildFile; fileRef = DF90C2902854258300AB50A5 /* CurrentWeather.swift */; };
		DF90C2932854296B00AB50A5 /* Weather.swift in Sources */ = {isa = PBXBuildFile; fileRef = DF90C2922854296B00AB50A5 /* Weather.swift */; };
		DF90C29528542B2000AB50A5 /* WeatherInformation.swift in Sources */ = {isa = PBXBuildFile; fileRef = DF90C29428542B2000AB50A5 /* WeatherInformation.swift */; };
		DF90C29728542B6F00AB50A5 /* Wind.swift in Sources */ = {isa = PBXBuildFile; fileRef = DF90C29628542B6F00AB50A5 /* Wind.swift */; };
		DF90C29B28542D3100AB50A5 /* EndPointType.swift in Sources */ = {isa = PBXBuildFile; fileRef = DF90C29A28542D3100AB50A5 /* EndPointType.swift */; };
		DF90C2A028544D1600AB50A5 /* WeatherEndPoint.swift in Sources */ = {isa = PBXBuildFile; fileRef = DF90C29F28544D1600AB50A5 /* WeatherEndPoint.swift */; };
		DF90C2A228544F0800AB50A5 /* City.swift in Sources */ = {isa = PBXBuildFile; fileRef = DF90C2A128544F0800AB50A5 /* City.swift */; };
		DF90C2A42854508300AB50A5 /* NetworkManagerType.swift in Sources */ = {isa = PBXBuildFile; fileRef = DF90C2A32854508300AB50A5 /* NetworkManagerType.swift */; };
		DF90C2A62854559F00AB50A5 /* NetworkManager.swift in Sources */ = {isa = PBXBuildFile; fileRef = DF90C2A52854559F00AB50A5 /* NetworkManager.swift */; };
/* End PBXBuildFile section */

/* Begin PBXFileReference section */
		DF90C2732854227800AB50A5 /* WantedPreOnboarding.app */ = {isa = PBXFileReference; explicitFileType = wrapper.application; includeInIndex = 0; path = WantedPreOnboarding.app; sourceTree = BUILT_PRODUCTS_DIR; };
		DF90C2762854227800AB50A5 /* AppDelegate.swift */ = {isa = PBXFileReference; lastKnownFileType = sourcecode.swift; path = AppDelegate.swift; sourceTree = "<group>"; };
		DF90C2782854227800AB50A5 /* SceneDelegate.swift */ = {isa = PBXFileReference; lastKnownFileType = sourcecode.swift; path = SceneDelegate.swift; sourceTree = "<group>"; };
		DF90C27A2854227800AB50A5 /* ViewController.swift */ = {isa = PBXFileReference; lastKnownFileType = sourcecode.swift; path = ViewController.swift; sourceTree = "<group>"; };
		DF90C27D2854227800AB50A5 /* Base */ = {isa = PBXFileReference; lastKnownFileType = file.storyboard; name = Base; path = Base.lproj/Main.storyboard; sourceTree = "<group>"; };
		DF90C27F2854227A00AB50A5 /* Assets.xcassets */ = {isa = PBXFileReference; lastKnownFileType = folder.assetcatalog; path = Assets.xcassets; sourceTree = "<group>"; };
		DF90C2822854227A00AB50A5 /* Base */ = {isa = PBXFileReference; lastKnownFileType = file.storyboard; name = Base; path = Base.lproj/LaunchScreen.storyboard; sourceTree = "<group>"; };
		DF90C2842854227A00AB50A5 /* Info.plist */ = {isa = PBXFileReference; lastKnownFileType = text.plist.xml; path = Info.plist; sourceTree = "<group>"; };
		DF90C2902854258300AB50A5 /* CurrentWeather.swift */ = {isa = PBXFileReference; lastKnownFileType = sourcecode.swift; path = CurrentWeather.swift; sourceTree = "<group>"; };
		DF90C2922854296B00AB50A5 /* Weather.swift */ = {isa = PBXFileReference; lastKnownFileType = sourcecode.swift; path = Weather.swift; sourceTree = "<group>"; };
		DF90C29428542B2000AB50A5 /* WeatherInformation.swift */ = {isa = PBXFileReference; lastKnownFileType = sourcecode.swift; path = WeatherInformation.swift; sourceTree = "<group>"; };
		DF90C29628542B6F00AB50A5 /* Wind.swift */ = {isa = PBXFileReference; lastKnownFileType = sourcecode.swift; path = Wind.swift; sourceTree = "<group>"; };
		DF90C29A28542D3100AB50A5 /* EndPointType.swift */ = {isa = PBXFileReference; lastKnownFileType = sourcecode.swift; path = EndPointType.swift; sourceTree = "<group>"; };
		DF90C29E2854490C00AB50A5 /* OpenWeather-Config.xcconfig */ = {isa = PBXFileReference; lastKnownFileType = text.xcconfig; path = "OpenWeather-Config.xcconfig"; sourceTree = "<group>"; };
		DF90C29F28544D1600AB50A5 /* WeatherEndPoint.swift */ = {isa = PBXFileReference; lastKnownFileType = sourcecode.swift; path = WeatherEndPoint.swift; sourceTree = "<group>"; };
		DF90C2A128544F0800AB50A5 /* City.swift */ = {isa = PBXFileReference; lastKnownFileType = sourcecode.swift; path = City.swift; sourceTree = "<group>"; };
		DF90C2A32854508300AB50A5 /* NetworkManagerType.swift */ = {isa = PBXFileReference; lastKnownFileType = sourcecode.swift; path = NetworkManagerType.swift; sourceTree = "<group>"; };
		DF90C2A52854559F00AB50A5 /* NetworkManager.swift */ = {isa = PBXFileReference; lastKnownFileType = sourcecode.swift; path = NetworkManager.swift; sourceTree = "<group>"; };
/* End PBXFileReference section */

/* Begin PBXFrameworksBuildPhase section */
		DF90C2702854227800AB50A5 /* Frameworks */ = {
			isa = PBXFrameworksBuildPhase;
			buildActionMask = 2147483647;
			files = (
			);
			runOnlyForDeploymentPostprocessing = 0;
		};
/* End PBXFrameworksBuildPhase section */

/* Begin PBXGroup section */
		DF90C26A2854227800AB50A5 = {
			isa = PBXGroup;
			children = (
				DF90C2752854227800AB50A5 /* WantedPreOnboarding */,
				DF90C2742854227800AB50A5 /* Products */,
			);
			sourceTree = "<group>";
		};
		DF90C2742854227800AB50A5 /* Products */ = {
			isa = PBXGroup;
			children = (
				DF90C2732854227800AB50A5 /* WantedPreOnboarding.app */,
			);
			name = Products;
			sourceTree = "<group>";
		};
		DF90C2752854227800AB50A5 /* WantedPreOnboarding */ = {
			isa = PBXGroup;
			children = (
				DF90C28A2854228300AB50A5 /* Sources */,
				DF90C28B2854229000AB50A5 /* Resources */,
				DF90C28C2854229C00AB50A5 /* SupportingFiles */,
			);
			path = WantedPreOnboarding;
			sourceTree = "<group>";
		};
		DF90C28A2854228300AB50A5 /* Sources */ = {
			isa = PBXGroup;
			children = (
				DF90C28F285422B400AB50A5 /* Models */,
				DF90C29928542CC500AB50A5 /* Networking */,
				DF90C28E285422AF00AB50A5 /* Views */,
				DF90C28D285422A500AB50A5 /* Controllers */,
			);
			path = Sources;
			sourceTree = "<group>";
		};
		DF90C28B2854229000AB50A5 /* Resources */ = {
			isa = PBXGroup;
			children = (
				DF90C27F2854227A00AB50A5 /* Assets.xcassets */,
				DF90C2812854227A00AB50A5 /* LaunchScreen.storyboard */,
			);
			path = Resources;
			sourceTree = "<group>";
		};
		DF90C28C2854229C00AB50A5 /* SupportingFiles */ = {
			isa = PBXGroup;
			children = (
				DF90C2762854227800AB50A5 /* AppDelegate.swift */,
				DF90C2782854227800AB50A5 /* SceneDelegate.swift */,
				DF90C2842854227A00AB50A5 /* Info.plist */,
				DF90C29E2854490C00AB50A5 /* OpenWeather-Config.xcconfig */,
			);
			path = SupportingFiles;
			sourceTree = "<group>";
		};
		DF90C28D285422A500AB50A5 /* Controllers */ = {
			isa = PBXGroup;
			children = (
				DF90C27A2854227800AB50A5 /* ViewController.swift */,
			);
			path = Controllers;
			sourceTree = "<group>";
		};
		DF90C28E285422AF00AB50A5 /* Views */ = {
			isa = PBXGroup;
			children = (
				DF90C27C2854227800AB50A5 /* Main.storyboard */,
			);
			path = Views;
			sourceTree = "<group>";
		};
		DF90C28F285422B400AB50A5 /* Models */ = {
			isa = PBXGroup;
			children = (
				DF90C2902854258300AB50A5 /* CurrentWeather.swift */,
				DF90C2922854296B00AB50A5 /* Weather.swift */,
				DF90C29428542B2000AB50A5 /* WeatherInformation.swift */,
				DF90C29628542B6F00AB50A5 /* Wind.swift */,
				DF90C2A128544F0800AB50A5 /* City.swift */,
			);
			path = Models;
			sourceTree = "<group>";
		};
		DF90C29928542CC500AB50A5 /* Networking */ = {
			isa = PBXGroup;
			children = (
				DF90C29A28542D3100AB50A5 /* EndPointType.swift */,
				DF90C29F28544D1600AB50A5 /* WeatherEndPoint.swift */,
				DF90C2A32854508300AB50A5 /* NetworkManagerType.swift */,
				DF90C2A52854559F00AB50A5 /* NetworkManager.swift */,
			);
			path = Networking;
			sourceTree = "<group>";
		};
/* End PBXGroup section */

/* Begin PBXNativeTarget section */
		DF90C2722854227800AB50A5 /* WantedPreOnboarding */ = {
			isa = PBXNativeTarget;
			buildConfigurationList = DF90C2872854227A00AB50A5 /* Build configuration list for PBXNativeTarget "WantedPreOnboarding" */;
			buildPhases = (
				DF90C26F2854227800AB50A5 /* Sources */,
				DF90C2702854227800AB50A5 /* Frameworks */,
				DF90C2712854227800AB50A5 /* Resources */,
			);
			buildRules = (
			);
			dependencies = (
			);
			name = WantedPreOnboarding;
			productName = WantedPreOnboarding;
			productReference = DF90C2732854227800AB50A5 /* WantedPreOnboarding.app */;
			productType = "com.apple.product-type.application";
		};
/* End PBXNativeTarget section */

/* Begin PBXProject section */
		DF90C26B2854227800AB50A5 /* Project object */ = {
			isa = PBXProject;
			attributes = {
				BuildIndependentTargetsInParallel = 1;
				LastSwiftUpdateCheck = 1330;
				LastUpgradeCheck = 1330;
				TargetAttributes = {
					DF90C2722854227800AB50A5 = {
						CreatedOnToolsVersion = 13.3.1;
					};
				};
			};
			buildConfigurationList = DF90C26E2854227800AB50A5 /* Build configuration list for PBXProject "WantedPreOnboarding" */;
			compatibilityVersion = "Xcode 13.0";
			developmentRegion = en;
			hasScannedForEncodings = 0;
			knownRegions = (
				en,
				Base,
			);
			mainGroup = DF90C26A2854227800AB50A5;
			productRefGroup = DF90C2742854227800AB50A5 /* Products */;
			projectDirPath = "";
			projectRoot = "";
			targets = (
				DF90C2722854227800AB50A5 /* WantedPreOnboarding */,
			);
		};
/* End PBXProject section */

/* Begin PBXResourcesBuildPhase section */
		DF90C2712854227800AB50A5 /* Resources */ = {
			isa = PBXResourcesBuildPhase;
			buildActionMask = 2147483647;
			files = (
				DF90C2832854227A00AB50A5 /* LaunchScreen.storyboard in Resources */,
				DF90C2802854227A00AB50A5 /* Assets.xcassets in Resources */,
				DF90C27E2854227800AB50A5 /* Main.storyboard in Resources */,
			);
			runOnlyForDeploymentPostprocessing = 0;
		};
/* End PBXResourcesBuildPhase section */

/* Begin PBXSourcesBuildPhase section */
		DF90C26F2854227800AB50A5 /* Sources */ = {
			isa = PBXSourcesBuildPhase;
			buildActionMask = 2147483647;
			files = (
				DF90C2A62854559F00AB50A5 /* NetworkManager.swift in Sources */,
				DF90C29B28542D3100AB50A5 /* EndPointType.swift in Sources */,
				DF90C27B2854227800AB50A5 /* ViewController.swift in Sources */,
				DF90C2A028544D1600AB50A5 /* WeatherEndPoint.swift in Sources */,
				DF90C29528542B2000AB50A5 /* WeatherInformation.swift in Sources */,
				DF90C2A42854508300AB50A5 /* NetworkManagerType.swift in Sources */,
				DF90C29728542B6F00AB50A5 /* Wind.swift in Sources */,
				DF90C2772854227800AB50A5 /* AppDelegate.swift in Sources */,
				DF90C2A228544F0800AB50A5 /* City.swift in Sources */,
				DF90C2912854258300AB50A5 /* CurrentWeather.swift in Sources */,
				DF90C2792854227800AB50A5 /* SceneDelegate.swift in Sources */,
				DF90C2932854296B00AB50A5 /* Weather.swift in Sources */,
			);
			runOnlyForDeploymentPostprocessing = 0;
		};
/* End PBXSourcesBuildPhase section */

/* Begin PBXVariantGroup section */
		DF90C27C2854227800AB50A5 /* Main.storyboard */ = {
			isa = PBXVariantGroup;
			children = (
				DF90C27D2854227800AB50A5 /* Base */,
			);
			name = Main.storyboard;
			sourceTree = "<group>";
		};
		DF90C2812854227A00AB50A5 /* LaunchScreen.storyboard */ = {
			isa = PBXVariantGroup;
			children = (
				DF90C2822854227A00AB50A5 /* Base */,
			);
			name = LaunchScreen.storyboard;
			sourceTree = "<group>";
		};
/* End PBXVariantGroup section */

/* Begin XCBuildConfiguration section */
		DF90C2852854227A00AB50A5 /* Debug */ = {
			isa = XCBuildConfiguration;
			baseConfigurationReference = DF90C29E2854490C00AB50A5 /* OpenWeather-Config.xcconfig */;
			buildSettings = {
				ALWAYS_SEARCH_USER_PATHS = NO;
				CLANG_ANALYZER_NONNULL = YES;
				CLANG_ANALYZER_NUMBER_OBJECT_CONVERSION = YES_AGGRESSIVE;
				CLANG_CXX_LANGUAGE_STANDARD = "gnu++17";
				CLANG_ENABLE_MODULES = YES;
				CLANG_ENABLE_OBJC_ARC = YES;
				CLANG_ENABLE_OBJC_WEAK = YES;
				CLANG_WARN_BLOCK_CAPTURE_AUTORELEASING = YES;
				CLANG_WARN_BOOL_CONVERSION = YES;
				CLANG_WARN_COMMA = YES;
				CLANG_WARN_CONSTANT_CONVERSION = YES;
				CLANG_WARN_DEPRECATED_OBJC_IMPLEMENTATIONS = YES;
				CLANG_WARN_DIRECT_OBJC_ISA_USAGE = YES_ERROR;
				CLANG_WARN_DOCUMENTATION_COMMENTS = YES;
				CLANG_WARN_EMPTY_BODY = YES;
				CLANG_WARN_ENUM_CONVERSION = YES;
				CLANG_WARN_INFINITE_RECURSION = YES;
				CLANG_WARN_INT_CONVERSION = YES;
				CLANG_WARN_NON_LITERAL_NULL_CONVERSION = YES;
				CLANG_WARN_OBJC_IMPLICIT_RETAIN_SELF = YES;
				CLANG_WARN_OBJC_LITERAL_CONVERSION = YES;
				CLANG_WARN_OBJC_ROOT_CLASS = YES_ERROR;
				CLANG_WARN_QUOTED_INCLUDE_IN_FRAMEWORK_HEADER = YES;
				CLANG_WARN_RANGE_LOOP_ANALYSIS = YES;
				CLANG_WARN_STRICT_PROTOTYPES = YES;
				CLANG_WARN_SUSPICIOUS_MOVE = YES;
				CLANG_WARN_UNGUARDED_AVAILABILITY = YES_AGGRESSIVE;
				CLANG_WARN_UNREACHABLE_CODE = YES;
				CLANG_WARN__DUPLICATE_METHOD_MATCH = YES;
				COPY_PHASE_STRIP = NO;
				DEBUG_INFORMATION_FORMAT = dwarf;
				ENABLE_STRICT_OBJC_MSGSEND = YES;
				ENABLE_TESTABILITY = YES;
				GCC_C_LANGUAGE_STANDARD = gnu11;
				GCC_DYNAMIC_NO_PIC = NO;
				GCC_NO_COMMON_BLOCKS = YES;
				GCC_OPTIMIZATION_LEVEL = 0;
				GCC_PREPROCESSOR_DEFINITIONS = (
					"DEBUG=1",
					"$(inherited)",
				);
				GCC_WARN_64_TO_32_BIT_CONVERSION = YES;
				GCC_WARN_ABOUT_RETURN_TYPE = YES_ERROR;
				GCC_WARN_UNDECLARED_SELECTOR = YES;
				GCC_WARN_UNINITIALIZED_AUTOS = YES_AGGRESSIVE;
				GCC_WARN_UNUSED_FUNCTION = YES;
				GCC_WARN_UNUSED_VARIABLE = YES;
				IPHONEOS_DEPLOYMENT_TARGET = 15.4;
				MTL_ENABLE_DEBUG_INFO = INCLUDE_SOURCE;
				MTL_FAST_MATH = YES;
				ONLY_ACTIVE_ARCH = YES;
				SDKROOT = iphoneos;
				SWIFT_ACTIVE_COMPILATION_CONDITIONS = DEBUG;
				SWIFT_OPTIMIZATION_LEVEL = "-Onone";
			};
			name = Debug;
		};
		DF90C2862854227A00AB50A5 /* Release */ = {
			isa = XCBuildConfiguration;
			baseConfigurationReference = DF90C29E2854490C00AB50A5 /* OpenWeather-Config.xcconfig */;
			buildSettings = {
				ALWAYS_SEARCH_USER_PATHS = NO;
				CLANG_ANALYZER_NONNULL = YES;
				CLANG_ANALYZER_NUMBER_OBJECT_CONVERSION = YES_AGGRESSIVE;
				CLANG_CXX_LANGUAGE_STANDARD = "gnu++17";
				CLANG_ENABLE_MODULES = YES;
				CLANG_ENABLE_OBJC_ARC = YES;
				CLANG_ENABLE_OBJC_WEAK = YES;
				CLANG_WARN_BLOCK_CAPTURE_AUTORELEASING = YES;
				CLANG_WARN_BOOL_CONVERSION = YES;
				CLANG_WARN_COMMA = YES;
				CLANG_WARN_CONSTANT_CONVERSION = YES;
				CLANG_WARN_DEPRECATED_OBJC_IMPLEMENTATIONS = YES;
				CLANG_WARN_DIRECT_OBJC_ISA_USAGE = YES_ERROR;
				CLANG_WARN_DOCUMENTATION_COMMENTS = YES;
				CLANG_WARN_EMPTY_BODY = YES;
				CLANG_WARN_ENUM_CONVERSION = YES;
				CLANG_WARN_INFINITE_RECURSION = YES;
				CLANG_WARN_INT_CONVERSION = YES;
				CLANG_WARN_NON_LITERAL_NULL_CONVERSION = YES;
				CLANG_WARN_OBJC_IMPLICIT_RETAIN_SELF = YES;
				CLANG_WARN_OBJC_LITERAL_CONVERSION = YES;
				CLANG_WARN_OBJC_ROOT_CLASS = YES_ERROR;
				CLANG_WARN_QUOTED_INCLUDE_IN_FRAMEWORK_HEADER = YES;
				CLANG_WARN_RANGE_LOOP_ANALYSIS = YES;
				CLANG_WARN_STRICT_PROTOTYPES = YES;
				CLANG_WARN_SUSPICIOUS_MOVE = YES;
				CLANG_WARN_UNGUARDED_AVAILABILITY = YES_AGGRESSIVE;
				CLANG_WARN_UNREACHABLE_CODE = YES;
				CLANG_WARN__DUPLICATE_METHOD_MATCH = YES;
				COPY_PHASE_STRIP = NO;
				DEBUG_INFORMATION_FORMAT = "dwarf-with-dsym";
				ENABLE_NS_ASSERTIONS = NO;
				ENABLE_STRICT_OBJC_MSGSEND = YES;
				GCC_C_LANGUAGE_STANDARD = gnu11;
				GCC_NO_COMMON_BLOCKS = YES;
				GCC_WARN_64_TO_32_BIT_CONVERSION = YES;
				GCC_WARN_ABOUT_RETURN_TYPE = YES_ERROR;
				GCC_WARN_UNDECLARED_SELECTOR = YES;
				GCC_WARN_UNINITIALIZED_AUTOS = YES_AGGRESSIVE;
				GCC_WARN_UNUSED_FUNCTION = YES;
				GCC_WARN_UNUSED_VARIABLE = YES;
				IPHONEOS_DEPLOYMENT_TARGET = 15.4;
				MTL_ENABLE_DEBUG_INFO = NO;
				MTL_FAST_MATH = YES;
				SDKROOT = iphoneos;
				SWIFT_COMPILATION_MODE = wholemodule;
				SWIFT_OPTIMIZATION_LEVEL = "-O";
				VALIDATE_PRODUCT = YES;
			};
			name = Release;
		};
		DF90C2882854227A00AB50A5 /* Debug */ = {
			isa = XCBuildConfiguration;
			buildSettings = {
				ASSETCATALOG_COMPILER_APPICON_NAME = AppIcon;
				ASSETCATALOG_COMPILER_GLOBAL_ACCENT_COLOR_NAME = AccentColor;
				CODE_SIGN_STYLE = Automatic;
				CURRENT_PROJECT_VERSION = 1;
				DEVELOPMENT_TEAM = LHNXD357QL;
				GENERATE_INFOPLIST_FILE = YES;
				INFOPLIST_FILE = WantedPreOnboarding/SupportingFiles/Info.plist;
				INFOPLIST_KEY_UIApplicationSupportsIndirectInputEvents = YES;
				INFOPLIST_KEY_UILaunchStoryboardName = LaunchScreen;
				INFOPLIST_KEY_UIMainStoryboardFile = Main;
				INFOPLIST_KEY_UISupportedInterfaceOrientations_iPad = "UIInterfaceOrientationPortrait UIInterfaceOrientationPortraitUpsideDown UIInterfaceOrientationLandscapeLeft UIInterfaceOrientationLandscapeRight";
				INFOPLIST_KEY_UISupportedInterfaceOrientations_iPhone = "UIInterfaceOrientationPortrait UIInterfaceOrientationLandscapeLeft UIInterfaceOrientationLandscapeRight";
				LD_RUNPATH_SEARCH_PATHS = (
					"$(inherited)",
					"@executable_path/Frameworks",
				);
				MARKETING_VERSION = 1.0;
				PRODUCT_BUNDLE_IDENTIFIER = com.Nala.WantedPreOnboarding;
				PRODUCT_NAME = "$(TARGET_NAME)";
				SWIFT_EMIT_LOC_STRINGS = YES;
				SWIFT_VERSION = 5.0;
				TARGETED_DEVICE_FAMILY = "1,2";
			};
			name = Debug;
		};
		DF90C2892854227A00AB50A5 /* Release */ = {
			isa = XCBuildConfiguration;
			buildSettings = {
				ASSETCATALOG_COMPILER_APPICON_NAME = AppIcon;
				ASSETCATALOG_COMPILER_GLOBAL_ACCENT_COLOR_NAME = AccentColor;
				CODE_SIGN_STYLE = Automatic;
				CURRENT_PROJECT_VERSION = 1;
				DEVELOPMENT_TEAM = LHNXD357QL;
				GENERATE_INFOPLIST_FILE = YES;
				INFOPLIST_FILE = WantedPreOnboarding/SupportingFiles/Info.plist;
				INFOPLIST_KEY_UIApplicationSupportsIndirectInputEvents = YES;
				INFOPLIST_KEY_UILaunchStoryboardName = LaunchScreen;
				INFOPLIST_KEY_UIMainStoryboardFile = Main;
				INFOPLIST_KEY_UISupportedInterfaceOrientations_iPad = "UIInterfaceOrientationPortrait UIInterfaceOrientationPortraitUpsideDown UIInterfaceOrientationLandscapeLeft UIInterfaceOrientationLandscapeRight";
				INFOPLIST_KEY_UISupportedInterfaceOrientations_iPhone = "UIInterfaceOrientationPortrait UIInterfaceOrientationLandscapeLeft UIInterfaceOrientationLandscapeRight";
				LD_RUNPATH_SEARCH_PATHS = (
					"$(inherited)",
					"@executable_path/Frameworks",
				);
				MARKETING_VERSION = 1.0;
				PRODUCT_BUNDLE_IDENTIFIER = com.Nala.WantedPreOnboarding;
				PRODUCT_NAME = "$(TARGET_NAME)";
				SWIFT_EMIT_LOC_STRINGS = YES;
				SWIFT_VERSION = 5.0;
				TARGETED_DEVICE_FAMILY = "1,2";
			};
			name = Release;
		};
/* End XCBuildConfiguration section */

/* Begin XCConfigurationList section */
		DF90C26E2854227800AB50A5 /* Build configuration list for PBXProject "WantedPreOnboarding" */ = {
			isa = XCConfigurationList;
			buildConfigurations = (
				DF90C2852854227A00AB50A5 /* Debug */,
				DF90C2862854227A00AB50A5 /* Release */,
			);
			defaultConfigurationIsVisible = 0;
			defaultConfigurationName = Release;
		};
		DF90C2872854227A00AB50A5 /* Build configuration list for PBXNativeTarget "WantedPreOnboarding" */ = {
			isa = XCConfigurationList;
			buildConfigurations = (
				DF90C2882854227A00AB50A5 /* Debug */,
				DF90C2892854227A00AB50A5 /* Release */,
			);
			defaultConfigurationIsVisible = 0;
			defaultConfigurationName = Release;
		};
/* End XCConfigurationList section */
	};
	rootObject = DF90C26B2854227800AB50A5 /* Project object */;
}
